
Microsoft Visual Studio Solution File, Format Version 12.00
# Visual Studio Version 16
VisualStudioVersion = 16.0.31424.327
MinimumVisualStudioVersion = 10.0.40219.1
Project("{FAE04EC0-301F-11D3-BF4B-00C04F79EFBC}") = "Dice", "Dice\Dice.csproj", "{4E30CADE-4A18-4CD9-B898-EB4959803033}"
EndProject
Global
	GlobalSection(SolutionConfigurationPlatforms) = preSolution
		Debug|Any CPU = Debug|Any CPU
		Release|Any CPU = Release|Any CPU
	EndGlobalSection
	GlobalSection(ProjectConfigurationPlatforms) = postSolution
		{4E30CADE-4A18-4CD9-B898-EB4959803033}.Debug|Any CPU.ActiveCfg = Debug|Any CPU
		{4E30CADE-4A18-4CD9-B898-EB4959803033}.Debug|Any CPU.Build.0 = Debug|Any CPU
		{4E30CADE-4A18-4CD9-B898-EB4959803033}.Release|Any CPU.ActiveCfg = Release|Any CPU
		{4E30CADE-4A18-4CD9-B898-EB4959803033}.Release|Any CPU.Build.0 = Release|Any CPU
	EndGlobalSection
	GlobalSection(SolutionProperties) = preSolution
		HideSolutionNode = FALSE
	EndGlobalSection
	GlobalSection(ExtensibilityGlobals) = postSolution
		SolutionGuid = {AB36D634-C695-456D-91C5-9F90CC7927AC}
	EndGlobalSection
EndGlobal
